
Microsoft Visual Studio Solution File, Format Version 12.00
# Visual Studio Version 17
VisualStudioVersion = 17.12.35514.174 d17.12
MinimumVisualStudioVersion = 10.0.40219.1
Project("{FAE04EC0-301F-11D3-BF4B-00C04F79EFBC}") = "EjerciciosProgramacion", "EjerciciosProgramacion\EjerciciosProgramacion.csproj", "{10F31F94-1CCD-4DA4-92EB-5EC5FEAE60AB}"
EndProject
Global
	GlobalSection(SolutionConfigurationPlatforms) = preSolution
		Debug|Any CPU = Debug|Any CPU
		Release|Any CPU = Release|Any CPU
	EndGlobalSection
	GlobalSection(ProjectConfigurationPlatforms) = postSolution
		{10F31F94-1CCD-4DA4-92EB-5EC5FEAE60AB}.Debug|Any CPU.ActiveCfg = Debug|Any CPU
		{10F31F94-1CCD-4DA4-92EB-5EC5FEAE60AB}.Debug|Any CPU.Build.0 = Debug|Any CPU
		{10F31F94-1CCD-4DA4-92EB-5EC5FEAE60AB}.Release|Any CPU.ActiveCfg = Release|Any CPU
		{10F31F94-1CCD-4DA4-92EB-5EC5FEAE60AB}.Release|Any CPU.Build.0 = Release|Any CPU
	EndGlobalSection
	GlobalSection(SolutionProperties) = preSolution
		HideSolutionNode = FALSE
	EndGlobalSection
EndGlobal
